
Microsoft Visual Studio Solution File, Format Version 12.00
# Visual Studio Version 17
VisualStudioVersion = 17.5.2.0
MinimumVisualStudioVersion = 10.0.40219.1
Project("{FAE04EC0-301F-11D3-BF4B-00C04F79EFBC}") = "ConsoleApp", "DEXS.Console.FancyProgress.SampleConsole\ConsoleApp.csproj", "{9CF2E8C2-D035-49FF-8B41-76B77BC9E7E8}"
EndProject
Project("{FAE04EC0-301F-11D3-BF4B-00C04F79EFBC}") = "DEXS.Console.FancyProgress.Generator", "DEXS.Console.FancyProgress.Generator\DEXS.Console.FancyProgress.Generator.csproj", "{8A375246-0ED6-9608-41EF-DBBB1A9831A3}"
EndProject
Project("{FAE04EC0-301F-11D3-BF4B-00C04F79EFBC}") = "DEXS.Console.FancyProgress", "DEXS.Console.FancyProgress\DEXS.Console.FancyProgress.csproj", "{C8DACEC6-10A8-F00C-DE79-E026529A763A}"
EndProject
Project("{2150E333-8FDC-42A3-9474-1A3956D46DE8}") = "Solution Items", "Solution Items", "{8EC462FD-D22E-90A8-E5CE-7E832BA40C5D}"
	ProjectSection(SolutionItems) = preProject
		..\resources\scripts\clean_cast.py = ..\resources\scripts\clean_cast.py
		..\resources\scripts\record-demo.sh = ..\resources\scripts\record-demo.sh
	EndProjectSection
EndProject
Global
	GlobalSection(SolutionConfigurationPlatforms) = preSolution
		Debug|Any CPU = Debug|Any CPU
		Debug|x64 = Debug|x64
		Debug|x86 = Debug|x86
		Release|Any CPU = Release|Any CPU
		Release|x64 = Release|x64
		Release|x86 = Release|x86
	EndGlobalSection
	GlobalSection(ProjectConfigurationPlatforms) = postSolution
		{9CF2E8C2-D035-49FF-8B41-76B77BC9E7E8}.Debug|Any CPU.ActiveCfg = Debug|Any CPU
		{9CF2E8C2-D035-49FF-8B41-76B77BC9E7E8}.Debug|Any CPU.Build.0 = Debug|Any CPU
		{9CF2E8C2-D035-49FF-8B41-76B77BC9E7E8}.Debug|x64.ActiveCfg = Debug|Any CPU
		{9CF2E8C2-D035-49FF-8B41-76B77BC9E7E8}.Debug|x64.Build.0 = Debug|Any CPU
		{9CF2E8C2-D035-49FF-8B41-76B77BC9E7E8}.Debug|x86.ActiveCfg = Debug|Any CPU
		{9CF2E8C2-D035-49FF-8B41-76B77BC9E7E8}.Debug|x86.Build.0 = Debug|Any CPU
		{9CF2E8C2-D035-49FF-8B41-76B77BC9E7E8}.Release|Any CPU.ActiveCfg = Release|Any CPU
		{9CF2E8C2-D035-49FF-8B41-76B77BC9E7E8}.Release|Any CPU.Build.0 = Release|Any CPU
		{9CF2E8C2-D035-49FF-8B41-76B77BC9E7E8}.Release|x64.ActiveCfg = Release|Any CPU
		{9CF2E8C2-D035-49FF-8B41-76B77BC9E7E8}.Release|x64.Build.0 = Release|Any CPU
		{9CF2E8C2-D035-49FF-8B41-76B77BC9E7E8}.Release|x86.ActiveCfg = Release|Any CPU
		{9CF2E8C2-D035-49FF-8B41-76B77BC9E7E8}.Release|x86.Build.0 = Release|Any CPU
		{8A375246-0ED6-9608-41EF-DBBB1A9831A3}.Debug|Any CPU.ActiveCfg = Debug|Any CPU
		{8A375246-0ED6-9608-41EF-DBBB1A9831A3}.Debug|Any CPU.Build.0 = Debug|Any CPU
		{8A375246-0ED6-9608-41EF-DBBB1A9831A3}.Debug|x64.ActiveCfg = Debug|Any CPU
		{8A375246-0ED6-9608-41EF-DBBB1A9831A3}.Debug|x64.Build.0 = Debug|Any CPU
		{8A375246-0ED6-9608-41EF-DBBB1A9831A3}.Debug|x86.ActiveCfg = Debug|Any CPU
		{8A375246-0ED6-9608-41EF-DBBB1A9831A3}.Debug|x86.Build.0 = Debug|Any CPU
		{8A375246-0ED6-9608-41EF-DBBB1A9831A3}.Release|Any CPU.ActiveCfg = Release|Any CPU
		{8A375246-0ED6-9608-41EF-DBBB1A9831A3}.Release|Any CPU.Build.0 = Release|Any CPU
		{8A375246-0ED6-9608-41EF-DBBB1A9831A3}.Release|x64.ActiveCfg = Release|Any CPU
		{8A375246-0ED6-9608-41EF-DBBB1A9831A3}.Release|x64.Build.0 = Release|Any CPU
		{8A375246-0ED6-9608-41EF-DBBB1A9831A3}.Release|x86.ActiveCfg = Release|Any CPU
		{8A375246-0ED6-9608-41EF-DBBB1A9831A3}.Release|x86.Build.0 = Release|Any CPU
		{C8DACEC6-10A8-F00C-DE79-E026529A763A}.Debug|Any CPU.ActiveCfg = Debug|Any CPU
		{C8DACEC6-10A8-F00C-DE79-E026529A763A}.Debug|Any CPU.Build.0 = Debug|Any CPU
		{C8DACEC6-10A8-F00C-DE79-E026529A763A}.Debug|x64.ActiveCfg = Debug|Any CPU
		{C8DACEC6-10A8-F00C-DE79-E026529A763A}.Debug|x64.Build.0 = Debug|Any CPU
		{C8DACEC6-10A8-F00C-DE79-E026529A763A}.Debug|x86.ActiveCfg = Debug|Any CPU
		{C8DACEC6-10A8-F00C-DE79-E026529A763A}.Debug|x86.Build.0 = Debug|Any CPU
		{C8DACEC6-10A8-F00C-DE79-E026529A763A}.Release|Any CPU.ActiveCfg = Release|Any CPU
		{C8DACEC6-10A8-F00C-DE79-E026529A763A}.Release|Any CPU.Build.0 = Release|Any CPU
		{C8DACEC6-10A8-F00C-DE79-E026529A763A}.Release|x64.ActiveCfg = Release|Any CPU
		{C8DACEC6-10A8-F00C-DE79-E026529A763A}.Release|x64.Build.0 = Release|Any CPU
		{C8DACEC6-10A8-F00C-DE79-E026529A763A}.Release|x86.ActiveCfg = Release|Any CPU
		{C8DACEC6-10A8-F00C-DE79-E026529A763A}.Release|x86.Build.0 = Release|Any CPU
	EndGlobalSection
	GlobalSection(SolutionProperties) = preSolution
		HideSolutionNode = FALSE
	EndGlobalSection
	GlobalSection(ExtensibilityGlobals) = postSolution
		SolutionGuid = {17B294D1-4477-425B-A44C-EE46707C41CA}
	EndGlobalSection
EndGlobal
